# THIS IS AN AUTOGENERATED FILE. DO NOT EDIT THIS FILE DIRECTLY.
# yarn lockfile v1


assertion-error@1.0.0:
  version "1.0.0"
  resolved "https://registry.yarnpkg.com/assertion-error/-/assertion-error-1.0.0.tgz#c7f85438fdd466bc7ca16ab90c81513797a5d23b"
  integrity sha1-x/hUOP3UZrx8oWq5DIFRN5el0js=

merge-recursive@0.0.3:
  version "0.0.3"
  resolved "https://registry.yarnpkg.com/merge-recursive/-/merge-recursive-0.0.3.tgz#de7901efcaecc906d8cab2ad1e9c470f5a3dae84"
  integrity sha1-3nkB78rsyQbYyrKtHpxHD1o9roQ=

nanoid@^2.1.0:
  version "2.1.11"
  resolved "https://registry.yarnpkg.com/nanoid/-/nanoid-2.1.11.tgz#ec24b8a758d591561531b4176a01e3ab4f0f0280"
  integrity sha512-s/snB+WGm6uwi0WjsZdaVcuf3KJXlfGl2LcxgwkEwJF0D/BWzVWAZW/XY4bFaiR7s0Jk3FPvlnepg1H1b1UwlA==

oath@latest:
  version "1.0.0"
  resolved "https://registry.yarnpkg.com/oath/-/oath-1.0.0.tgz#2f4e1f7797b903a78b243527dc68245b0aeb0d58"
  integrity sha1-L04fd5e5A6eLJDUn3GgkWwrrDVg=
  dependencies:
    simple-assert "~1.0.0"

sechash@~0.2.1:
  version "0.2.1"
  resolved "https://registry.yarnpkg.com/sechash/-/sechash-0.2.1.tgz#8b71fe47d68272f47a35f1640e4cc921325b133b"
  integrity sha1-i3H+R9aCcvR6NfFkDkzJITJbEzs=
  dependencies:
    oath latest

short-id@^0.1.0-1:
  version "0.1.0-1"
  resolved "https://registry.yarnpkg.com/short-id/-/short-id-0.1.0-1.tgz#a4c0f3537fff4623ff84964882b5d43019a24095"
  integrity sha1-pMDzU3//RiP/hJZIgrXUMBmiQJU=
  dependencies:
    merge-recursive "0.0.3"
    sechash "~0.2.1"

shortid@^2.2.15:
  version "2.2.15"
  resolved "https://registry.yarnpkg.com/shortid/-/shortid-2.2.15.tgz#2b902eaa93a69b11120373cd42a1f1fe4437c122"
  integrity sha512-5EaCy2mx2Jgc/Fdn9uuDuNIIfWBpzY4XIlhoqtXF6qsf+/+SGZ+FxDdX/ZsMZiWupIWNqAEmiNY4RC+LSmCeOw==
  dependencies:
    nanoid "^2.1.0"

simple-assert@~1.0.0:
  version "1.0.0"
  resolved "https://registry.yarnpkg.com/simple-assert/-/simple-assert-1.0.0.tgz#53f1790000d714424124290780bc2a3e511cf0ef"
  integrity sha1-U/F5AADXFEJBJCkHgLwqPlEc8O8=
  dependencies:
    assertion-error "1.0.0"
